
Microsoft Visual Studio Solution File, Format Version 12.00
# Visual Studio Version 16
VisualStudioVersion = 16.0.29020.237
MinimumVisualStudioVersion = 10.0.40219.1
Project("{9092AA53-FB77-4645-B42D-1CCCA6BD08BD}") = "dash", "dash.njsproj", "{49B561B1-EE68-45B1-BA8C-35AD1E32A861}"
EndProject
Global
	GlobalSection(SolutionConfigurationPlatforms) = preSolution
		Debug|Any CPU = Debug|Any CPU
		Release|Any CPU = Release|Any CPU
	EndGlobalSection
	GlobalSection(ProjectConfigurationPlatforms) = postSolution
		{49B561B1-EE68-45B1-BA8C-35AD1E32A861}.Debug|Any CPU.ActiveCfg = Debug|Any CPU
		{49B561B1-EE68-45B1-BA8C-35AD1E32A861}.Debug|Any CPU.Build.0 = Debug|Any CPU
		{49B561B1-EE68-45B1-BA8C-35AD1E32A861}.Release|Any CPU.ActiveCfg = Release|Any CPU
		{49B561B1-EE68-45B1-BA8C-35AD1E32A861}.Release|Any CPU.Build.0 = Release|Any CPU
	EndGlobalSection
	GlobalSection(SolutionProperties) = preSolution
		HideSolutionNode = FALSE
	EndGlobalSection
	GlobalSection(ExtensibilityGlobals) = postSolution
		SolutionGuid = {B67C326E-3E1F-45A0-8E05-0A870C0290B0}
	EndGlobalSection
EndGlobal
